
Microsoft Visual Studio Solution File, Format Version 12.00
# Visual Studio Version 17
VisualStudioVersion = 17.8.34330.188
MinimumVisualStudioVersion = 10.0.40219.1
Project("{FAE04EC0-301F-11D3-BF4B-00C04F79EFBC}") = "Schnek", "Schnek\Schnek.csproj", "{ACFA4927-7814-4D4C-B0C8-D005655F8E4E}"
EndProject
Global
	GlobalSection(SolutionConfigurationPlatforms) = preSolution
		Debug|Any CPU = Debug|Any CPU
		Release|Any CPU = Release|Any CPU
	EndGlobalSection
	GlobalSection(ProjectConfigurationPlatforms) = postSolution
		{ACFA4927-7814-4D4C-B0C8-D005655F8E4E}.Debug|Any CPU.ActiveCfg = Debug|Any CPU
		{ACFA4927-7814-4D4C-B0C8-D005655F8E4E}.Debug|Any CPU.Build.0 = Debug|Any CPU
		{ACFA4927-7814-4D4C-B0C8-D005655F8E4E}.Release|Any CPU.ActiveCfg = Release|Any CPU
		{ACFA4927-7814-4D4C-B0C8-D005655F8E4E}.Release|Any CPU.Build.0 = Release|Any CPU
	EndGlobalSection
	GlobalSection(SolutionProperties) = preSolution
		HideSolutionNode = FALSE
	EndGlobalSection
	GlobalSection(ExtensibilityGlobals) = postSolution
		SolutionGuid = {18BEDC20-DF04-4CDB-B677-56CCE79A4CB5}
	EndGlobalSection
EndGlobal
